// !$*UTF8*$!
{
	archiveVersion = 1;
	classes = {
	};
	objectVersion = 56;
	objects = {

/* Begin PBXBuildFile section */
		BC060BAB2A2B55D40062E32C /* Lottie in Frameworks */ = {isa = PBXBuildFile; productRef = BC060BAA2A2B55D40062E32C /* Lottie */; };
		BC060BAD2A2B5D390062E32C /* LottieAnimation.swift in Sources */ = {isa = PBXBuildFile; fileRef = BC060BAC2A2B5D390062E32C /* LottieAnimation.swift */; };
		BC060BB12A2BA0450062E32C /* HomeAnimation.json in Resources */ = {isa = PBXBuildFile; fileRef = BC060BB02A2BA0450062E32C /* HomeAnimation.json */; };
		BC060BB52A2BAC060062E32C /* BaseAnimation.json in Resources */ = {isa = PBXBuildFile; fileRef = BC060BB42A2BAC060062E32C /* BaseAnimation.json */; };
		BC060BB72A2BAD5A0062E32C /* user.json in Resources */ = {isa = PBXBuildFile; fileRef = BC060BB62A2BAD5A0062E32C /* user.json */; };
		BC060BB92A2BB1C70062E32C /* userIcon.json in Resources */ = {isa = PBXBuildFile; fileRef = BC060BB82A2BB1C70062E32C /* userIcon.json */; };
		BC4502372A27522100517A9D /* UserModel.swift in Sources */ = {isa = PBXBuildFile; fileRef = BC4502362A27522100517A9D /* UserModel.swift */; };
		BC5937812A0A8A0E0034B3EF /* ContentView.swift in Sources */ = {isa = PBXBuildFile; fileRef = BC5937802A0A8A0E0034B3EF /* ContentView.swift */; };
		BC6E532E2A135C77000F66A5 /* KeychainWrapper.swift in Sources */ = {isa = PBXBuildFile; fileRef = BC6E532D2A135C77000F66A5 /* KeychainWrapper.swift */; };
		BC6E53322A13AA6B000F66A5 /* LandingPage.swift in Sources */ = {isa = PBXBuildFile; fileRef = BC6E53312A13AA6B000F66A5 /* LandingPage.swift */; };
		BC6E53342A13B472000F66A5 /* AuthViewModel.swift in Sources */ = {isa = PBXBuildFile; fileRef = BC6E53332A13B472000F66A5 /* AuthViewModel.swift */; };
		BC7A0D0B29FE4CC2001DA997 /* RecentView.swift in Sources */ = {isa = PBXBuildFile; fileRef = BC7A0D0A29FE4CC2001DA997 /* RecentView.swift */; };
		BC7A0D0D29FEAB23001DA997 /* ScanAccessView.swift in Sources */ = {isa = PBXBuildFile; fileRef = BC7A0D0C29FEAB23001DA997 /* ScanAccessView.swift */; };
		BC80F22C2A02DD4200B253ED /* QRReceivedView.swift in Sources */ = {isa = PBXBuildFile; fileRef = BC80F22B2A02DD4200B253ED /* QRReceivedView.swift */; };
		BCA7AC7F29FD7E60009BA121 /* Lets_ConnectApp.swift in Sources */ = {isa = PBXBuildFile; fileRef = BCA7AC7E29FD7E60009BA121 /* Lets_ConnectApp.swift */; };
		BCA7AC8329FD7E62009BA121 /* Assets.xcassets in Resources */ = {isa = PBXBuildFile; fileRef = BCA7AC8229FD7E62009BA121 /* Assets.xcassets */; };
		BCA7AC8629FD7E62009BA121 /* Preview Assets.xcassets in Resources */ = {isa = PBXBuildFile; fileRef = BCA7AC8529FD7E62009BA121 /* Preview Assets.xcassets */; };
		BCA7AC8829FD7E62009BA121 /* Persistence.swift in Sources */ = {isa = PBXBuildFile; fileRef = BCA7AC8729FD7E62009BA121 /* Persistence.swift */; };
		BCA7AC8B29FD7E62009BA121 /* Lets_Connect.xcdatamodeld in Sources */ = {isa = PBXBuildFile; fileRef = BCA7AC8929FD7E62009BA121 /* Lets_Connect.xcdatamodeld */; };
		BCA7AC9929FD7E7F009BA121 /* EditProfileDetails.swift in Sources */ = {isa = PBXBuildFile; fileRef = BCA7AC9229FD7E7C009BA121 /* EditProfileDetails.swift */; };
		BCA7AC9A29FD7E7F009BA121 /* UserProfileViewModel.swift in Sources */ = {isa = PBXBuildFile; fileRef = BCA7AC9329FD7E7D009BA121 /* UserProfileViewModel.swift */; };
		BCA7AC9C29FD7E7F009BA121 /* SocialMediaProfileModel.swift in Sources */ = {isa = PBXBuildFile; fileRef = BCA7AC9529FD7E7D009BA121 /* SocialMediaProfileModel.swift */; };
		BCA7AC9D29FD7E7F009BA121 /* QRcodeView.swift in Sources */ = {isa = PBXBuildFile; fileRef = BCA7AC9629FD7E7E009BA121 /* QRcodeView.swift */; };
		BCA7AC9E29FD7E7F009BA121 /* UserProfileView.swift in Sources */ = {isa = PBXBuildFile; fileRef = BCA7AC9729FD7E7F009BA121 /* UserProfileView.swift */; };
		BCE645392A00EB120037AC88 /* QRScannerViewKit in Frameworks */ = {isa = PBXBuildFile; productRef = BCE645382A00EB120037AC88 /* QRScannerViewKit */; };
		BCE6453B2A0149430037AC88 /* AddLinksVIew.swift in Sources */ = {isa = PBXBuildFile; fileRef = BCE6453A2A0149420037AC88 /* AddLinksVIew.swift */; };
		BCF1B1D12A0D691F00431351 /* LoginView.swift in Sources */ = {isa = PBXBuildFile; fileRef = BCF1B1D02A0D691F00431351 /* LoginView.swift */; };
		BCFC34382A3B554E00747EFF /* NavigationViewModel.swift in Sources */ = {isa = PBXBuildFile; fileRef = BCFC34372A3B554E00747EFF /* NavigationViewModel.swift */; };
/* End PBXBuildFile section */

/* Begin PBXFileReference section */
		BC060BAC2A2B5D390062E32C /* LottieAnimation.swift */ = {isa = PBXFileReference; lastKnownFileType = sourcecode.swift; path = LottieAnimation.swift; sourceTree = "<group>"; };
		BC060BB02A2BA0450062E32C /* HomeAnimation.json */ = {isa = PBXFileReference; fileEncoding = 4; lastKnownFileType = text.json; path = HomeAnimation.json; sourceTree = "<group>"; };
		BC060BB42A2BAC060062E32C /* BaseAnimation.json */ = {isa = PBXFileReference; fileEncoding = 4; lastKnownFileType = text.json; path = BaseAnimation.json; sourceTree = "<group>"; };
		BC060BB62A2BAD5A0062E32C /* user.json */ = {isa = PBXFileReference; fileEncoding = 4; lastKnownFileType = text.json; path = user.json; sourceTree = "<group>"; };
		BC060BB82A2BB1C70062E32C /* userIcon.json */ = {isa = PBXFileReference; fileEncoding = 4; lastKnownFileType = text.json; path = userIcon.json; sourceTree = "<group>"; };
		BC4502362A27522100517A9D /* UserModel.swift */ = {isa = PBXFileReference; lastKnownFileType = sourcecode.swift; path = UserModel.swift; sourceTree = "<group>"; };
		BC5937802A0A8A0E0034B3EF /* ContentView.swift */ = {isa = PBXFileReference; fileEncoding = 4; lastKnownFileType = sourcecode.swift; path = ContentView.swift; sourceTree = "<group>"; };
		BC6E532D2A135C77000F66A5 /* KeychainWrapper.swift */ = {isa = PBXFileReference; lastKnownFileType = sourcecode.swift; path = KeychainWrapper.swift; sourceTree = "<group>"; };
		BC6E53312A13AA6B000F66A5 /* LandingPage.swift */ = {isa = PBXFileReference; lastKnownFileType = sourcecode.swift; path = LandingPage.swift; sourceTree = "<group>"; };
		BC6E53332A13B472000F66A5 /* AuthViewModel.swift */ = {isa = PBXFileReference; lastKnownFileType = sourcecode.swift; path = AuthViewModel.swift; sourceTree = "<group>"; };
		BC7A0D0A29FE4CC2001DA997 /* RecentView.swift */ = {isa = PBXFileReference; lastKnownFileType = sourcecode.swift; path = RecentView.swift; sourceTree = "<group>"; };
		BC7A0D0C29FEAB23001DA997 /* ScanAccessView.swift */ = {isa = PBXFileReference; lastKnownFileType = sourcecode.swift; path = ScanAccessView.swift; sourceTree = "<group>"; };
		BC80F22B2A02DD4200B253ED /* QRReceivedView.swift */ = {isa = PBXFileReference; lastKnownFileType = sourcecode.swift; path = QRReceivedView.swift; sourceTree = "<group>"; };
		BCA7AC7B29FD7E60009BA121 /* Lets-Connect.app */ = {isa = PBXFileReference; explicitFileType = wrapper.application; includeInIndex = 0; path = "Lets-Connect.app"; sourceTree = BUILT_PRODUCTS_DIR; };
		BCA7AC7E29FD7E60009BA121 /* Lets_ConnectApp.swift */ = {isa = PBXFileReference; lastKnownFileType = sourcecode.swift; path = Lets_ConnectApp.swift; sourceTree = "<group>"; };
		BCA7AC8229FD7E62009BA121 /* Assets.xcassets */ = {isa = PBXFileReference; lastKnownFileType = folder.assetcatalog; path = Assets.xcassets; sourceTree = "<group>"; };
		BCA7AC8529FD7E62009BA121 /* Preview Assets.xcassets */ = {isa = PBXFileReference; lastKnownFileType = folder.assetcatalog; path = "Preview Assets.xcassets"; sourceTree = "<group>"; };
		BCA7AC8729FD7E62009BA121 /* Persistence.swift */ = {isa = PBXFileReference; lastKnownFileType = sourcecode.swift; path = Persistence.swift; sourceTree = "<group>"; };
		BCA7AC8A29FD7E62009BA121 /* Lets_Connect.xcdatamodel */ = {isa = PBXFileReference; lastKnownFileType = wrapper.xcdatamodel; path = Lets_Connect.xcdatamodel; sourceTree = "<group>"; };
		BCA7AC9229FD7E7C009BA121 /* EditProfileDetails.swift */ = {isa = PBXFileReference; fileEncoding = 4; lastKnownFileType = sourcecode.swift; path = EditProfileDetails.swift; sourceTree = "<group>"; };
		BCA7AC9329FD7E7D009BA121 /* UserProfileViewModel.swift */ = {isa = PBXFileReference; fileEncoding = 4; lastKnownFileType = sourcecode.swift; path = UserProfileViewModel.swift; sourceTree = "<group>"; };
		BCA7AC9529FD7E7D009BA121 /* SocialMediaProfileModel.swift */ = {isa = PBXFileReference; fileEncoding = 4; lastKnownFileType = sourcecode.swift; path = SocialMediaProfileModel.swift; sourceTree = "<group>"; };
		BCA7AC9629FD7E7E009BA121 /* QRcodeView.swift */ = {isa = PBXFileReference; fileEncoding = 4; lastKnownFileType = sourcecode.swift; path = QRcodeView.swift; sourceTree = "<group>"; };
		BCA7AC9729FD7E7F009BA121 /* UserProfileView.swift */ = {isa = PBXFileReference; fileEncoding = 4; lastKnownFileType = sourcecode.swift; path = UserProfileView.swift; sourceTree = "<group>"; };
		BCE6453A2A0149420037AC88 /* AddLinksVIew.swift */ = {isa = PBXFileReference; lastKnownFileType = sourcecode.swift; path = AddLinksVIew.swift; sourceTree = "<group>"; };
		BCF1B1D02A0D691F00431351 /* LoginView.swift */ = {isa = PBXFileReference; lastKnownFileType = sourcecode.swift; path = LoginView.swift; sourceTree = "<group>"; };
		BCF1B1D22A0D6B3800431351 /* Lets-Connect.entitlements */ = {isa = PBXFileReference; lastKnownFileType = text.plist.entitlements; path = "Lets-Connect.entitlements"; sourceTree = "<group>"; };
		BCFC34372A3B554E00747EFF /* NavigationViewModel.swift */ = {isa = PBXFileReference; lastKnownFileType = sourcecode.swift; path = NavigationViewModel.swift; sourceTree = "<group>"; };
/* End PBXFileReference section */

/* Begin PBXFrameworksBuildPhase section */
		BCA7AC7829FD7E60009BA121 /* Frameworks */ = {
			isa = PBXFrameworksBuildPhase;
			buildActionMask = 2147483647;
			files = (
				BCE645392A00EB120037AC88 /* QRScannerViewKit in Frameworks */,
				BC060BAB2A2B55D40062E32C /* Lottie in Frameworks */,
			);
			runOnlyForDeploymentPostprocessing = 0;
		};
/* End PBXFrameworksBuildPhase section */

/* Begin PBXGroup section */
		BCA7AC7229FD7E60009BA121 = {
			isa = PBXGroup;
			children = (
				BCA7AC7D29FD7E60009BA121 /* Lets-Connect */,
				BCA7AC7C29FD7E60009BA121 /* Products */,
				BCE645372A00EB120037AC88 /* Frameworks */,
			);
			sourceTree = "<group>";
		};
		BCA7AC7C29FD7E60009BA121 /* Products */ = {
			isa = PBXGroup;
			children = (
				BCA7AC7B29FD7E60009BA121 /* Lets-Connect.app */,
			);
			name = Products;
			sourceTree = "<group>";
		};
		BCA7AC7D29FD7E60009BA121 /* Lets-Connect */ = {
			isa = PBXGroup;
			children = (
				BCF1B1D22A0D6B3800431351 /* Lets-Connect.entitlements */,
				BCA7AC7E29FD7E60009BA121 /* Lets_ConnectApp.swift */,
				BC6E53312A13AA6B000F66A5 /* LandingPage.swift */,
				BCFC34372A3B554E00747EFF /* NavigationViewModel.swift */,
				BCFC34342A3B3AF500747EFF /* CoreDataFiles */,
				BCFC34332A3B3A5A00747EFF /* HelperFile */,
				BCFC342F2A3B39B500747EFF /* LoginView */,
				BCFC34302A3B39E200747EFF /* HomeView */,
				BCA7AC8229FD7E62009BA121 /* Assets.xcassets */,
				BCA7AC8429FD7E62009BA121 /* Preview Content */,
			);
			path = "Lets-Connect";
			sourceTree = "<group>";
		};
		BCA7AC8429FD7E62009BA121 /* Preview Content */ = {
			isa = PBXGroup;
			children = (
				BCA7AC8529FD7E62009BA121 /* Preview Assets.xcassets */,
			);
			path = "Preview Content";
			sourceTree = "<group>";
		};
		BCE645372A00EB120037AC88 /* Frameworks */ = {
			isa = PBXGroup;
			children = (
			);
			name = Frameworks;
			sourceTree = "<group>";
		};
		BCFC342F2A3B39B500747EFF /* LoginView */ = {
			isa = PBXGroup;
			children = (
				BC6E53332A13B472000F66A5 /* AuthViewModel.swift */,
				BCF1B1D02A0D691F00431351 /* LoginView.swift */,
			);
			path = LoginView;
			sourceTree = "<group>";
		};
		BCFC34302A3B39E200747EFF /* HomeView */ = {
			isa = PBXGroup;
			children = (
				BCFC34362A3B3E3900747EFF /* OtherViews */,
				BCFC34322A3B3A3000747EFF /* SocialProfile */,
				BCFC34312A3B39FA00747EFF /* UserView */,
			);
			path = HomeView;
			sourceTree = "<group>";
		};
		BCFC34312A3B39FA00747EFF /* UserView */ = {
			isa = PBXGroup;
			children = (
				BC4502362A27522100517A9D /* UserModel.swift */,
				BCA7AC9329FD7E7D009BA121 /* UserProfileViewModel.swift */,
				BCA7AC9729FD7E7F009BA121 /* UserProfileView.swift */,
				BCA7AC9229FD7E7C009BA121 /* EditProfileDetails.swift */,
			);
			path = UserView;
			sourceTree = "<group>";
		};
		BCFC34322A3B3A3000747EFF /* SocialProfile */ = {
			isa = PBXGroup;
			children = (
				BCE6453A2A0149420037AC88 /* AddLinksVIew.swift */,
				BCA7AC9529FD7E7D009BA121 /* SocialMediaProfileModel.swift */,
			);
			path = SocialProfile;
			sourceTree = "<group>";
		};
		BCFC34332A3B3A5A00747EFF /* HelperFile */ = {
			isa = PBXGroup;
			children = (
				BCFC34352A3B3B1500747EFF /* AnimationFiles */,
				BC060BAC2A2B5D390062E32C /* LottieAnimation.swift */,
				BC6E532D2A135C77000F66A5 /* KeychainWrapper.swift */,
			);
			path = HelperFile;
			sourceTree = "<group>";
		};
		BCFC34342A3B3AF500747EFF /* CoreDataFiles */ = {
			isa = PBXGroup;
			children = (
				BCA7AC8729FD7E62009BA121 /* Persistence.swift */,
				BCA7AC8929FD7E62009BA121 /* Lets_Connect.xcdatamodeld */,
			);
			path = CoreDataFiles;
			sourceTree = "<group>";
		};
		BCFC34352A3B3B1500747EFF /* AnimationFiles */ = {
			isa = PBXGroup;
			children = (
				BC060BB82A2BB1C70062E32C /* userIcon.json */,
				BC060BB42A2BAC060062E32C /* BaseAnimation.json */,
				BC060BB02A2BA0450062E32C /* HomeAnimation.json */,
				BC060BB62A2BAD5A0062E32C /* user.json */,
			);
			path = AnimationFiles;
			sourceTree = "<group>";
		};
		BCFC34362A3B3E3900747EFF /* OtherViews */ = {
			isa = PBXGroup;
			children = (
				BC80F22B2A02DD4200B253ED /* QRReceivedView.swift */,
				BCA7AC9629FD7E7E009BA121 /* QRcodeView.swift */,
				BC7A0D0A29FE4CC2001DA997 /* RecentView.swift */,
				BC7A0D0C29FEAB23001DA997 /* ScanAccessView.swift */,
				BC5937802A0A8A0E0034B3EF /* ContentView.swift */,
			);
			path = OtherViews;
			sourceTree = "<group>";
		};
/* End PBXGroup section */

/* Begin PBXNativeTarget section */
		BCA7AC7A29FD7E60009BA121 /* Lets-Connect */ = {
			isa = PBXNativeTarget;
			buildConfigurationList = BCA7AC8E29FD7E62009BA121 /* Build configuration list for PBXNativeTarget "Lets-Connect" */;
			buildPhases = (
				BCA7AC7729FD7E60009BA121 /* Sources */,
				BCA7AC7829FD7E60009BA121 /* Frameworks */,
				BCA7AC7929FD7E60009BA121 /* Resources */,
			);
			buildRules = (
			);
			dependencies = (
			);
			name = "Lets-Connect";
			packageProductDependencies = (
				BCE645382A00EB120037AC88 /* QRScannerViewKit */,
				BC060BAA2A2B55D40062E32C /* Lottie */,
			);
			productName = "Lets-Connect";
			productReference = BCA7AC7B29FD7E60009BA121 /* Lets-Connect.app */;
			productType = "com.apple.product-type.application";
		};
/* End PBXNativeTarget section */

/* Begin PBXProject section */
		BCA7AC7329FD7E60009BA121 /* Project object */ = {
			isa = PBXProject;
			attributes = {
				BuildIndependentTargetsInParallel = 1;
				LastSwiftUpdateCheck = 1430;
				LastUpgradeCheck = 1430;
				TargetAttributes = {
					BCA7AC7A29FD7E60009BA121 = {
						CreatedOnToolsVersion = 14.3;
					};
				};
			};
			buildConfigurationList = BCA7AC7629FD7E60009BA121 /* Build configuration list for PBXProject "Lets-Connect" */;
			compatibilityVersion = "Xcode 14.0";
			developmentRegion = en;
			hasScannedForEncodings = 0;
			knownRegions = (
				en,
				Base,
			);
			mainGroup = BCA7AC7229FD7E60009BA121;
			packageReferences = (
				BCE467DD2A00532D00949425 /* XCRemoteSwiftPackageReference "QRScannerViewKit" */,
				BC060BA92A2B55D40062E32C /* XCRemoteSwiftPackageReference "lottie-ios" */,
			);
			productRefGroup = BCA7AC7C29FD7E60009BA121 /* Products */;
			projectDirPath = "";
			projectRoot = "";
			targets = (
				BCA7AC7A29FD7E60009BA121 /* Lets-Connect */,
			);
		};
/* End PBXProject section */

/* Begin PBXResourcesBuildPhase section */
		BCA7AC7929FD7E60009BA121 /* Resources */ = {
			isa = PBXResourcesBuildPhase;
			buildActionMask = 2147483647;
			files = (
				BCA7AC8629FD7E62009BA121 /* Preview Assets.xcassets in Resources */,
				BC060BB52A2BAC060062E32C /* BaseAnimation.json in Resources */,
				BCA7AC8329FD7E62009BA121 /* Assets.xcassets in Resources */,
				BC060BB92A2BB1C70062E32C /* userIcon.json in Resources */,
				BC060BB12A2BA0450062E32C /* HomeAnimation.json in Resources */,
				BC060BB72A2BAD5A0062E32C /* user.json in Resources */,
			);
			runOnlyForDeploymentPostprocessing = 0;
		};
/* End PBXResourcesBuildPhase section */

/* Begin PBXSourcesBuildPhase section */
		BCA7AC7729FD7E60009BA121 /* Sources */ = {
			isa = PBXSourcesBuildPhase;
			buildActionMask = 2147483647;
			files = (
				BCA7AC9929FD7E7F009BA121 /* EditProfileDetails.swift in Sources */,
				BCA7AC8829FD7E62009BA121 /* Persistence.swift in Sources */,
				BC5937812A0A8A0E0034B3EF /* ContentView.swift in Sources */,
				BC7A0D0B29FE4CC2001DA997 /* RecentView.swift in Sources */,
				BCA7AC9D29FD7E7F009BA121 /* QRcodeView.swift in Sources */,
				BCA7AC9A29FD7E7F009BA121 /* UserProfileViewModel.swift in Sources */,
				BC6E53322A13AA6B000F66A5 /* LandingPage.swift in Sources */,
				BC060BAD2A2B5D390062E32C /* LottieAnimation.swift in Sources */,
				BC4502372A27522100517A9D /* UserModel.swift in Sources */,
				BC6E53342A13B472000F66A5 /* AuthViewModel.swift in Sources */,
				BCE6453B2A0149430037AC88 /* AddLinksVIew.swift in Sources */,
				BCA7AC9E29FD7E7F009BA121 /* UserProfileView.swift in Sources */,
				BCF1B1D12A0D691F00431351 /* LoginView.swift in Sources */,
				BC6E532E2A135C77000F66A5 /* KeychainWrapper.swift in Sources */,
				BC80F22C2A02DD4200B253ED /* QRReceivedView.swift in Sources */,
				BCA7AC8B29FD7E62009BA121 /* Lets_Connect.xcdatamodeld in Sources */,
				BCFC34382A3B554E00747EFF /* NavigationViewModel.swift in Sources */,
				BCA7AC9C29FD7E7F009BA121 /* SocialMediaProfileModel.swift in Sources */,
				BC7A0D0D29FEAB23001DA997 /* ScanAccessView.swift in Sources */,
				BCA7AC7F29FD7E60009BA121 /* Lets_ConnectApp.swift in Sources */,
			);
			runOnlyForDeploymentPostprocessing = 0;
		};
/* End PBXSourcesBuildPhase section */

/* Begin XCBuildConfiguration section */
		BCA7AC8C29FD7E62009BA121 /* Debug */ = {
			isa = XCBuildConfiguration;
			buildSettings = {
				ALWAYS_SEARCH_USER_PATHS = NO;
				CLANG_ANALYZER_NONNULL = YES;
				CLANG_ANALYZER_NUMBER_OBJECT_CONVERSION = YES_AGGRESSIVE;
				CLANG_CXX_LANGUAGE_STANDARD = "gnu++20";
				CLANG_ENABLE_MODULES = YES;
				CLANG_ENABLE_OBJC_ARC = YES;
				CLANG_ENABLE_OBJC_WEAK = YES;
				CLANG_WARN_BLOCK_CAPTURE_AUTORELEASING = YES;
				CLANG_WARN_BOOL_CONVERSION = YES;
				CLANG_WARN_COMMA = YES;
				CLANG_WARN_CONSTANT_CONVERSION = YES;
				CLANG_WARN_DEPRECATED_OBJC_IMPLEMENTATIONS = YES;
				CLANG_WARN_DIRECT_OBJC_ISA_USAGE = YES_ERROR;
				CLANG_WARN_DOCUMENTATION_COMMENTS = YES;
				CLANG_WARN_EMPTY_BODY = YES;
				CLANG_WARN_ENUM_CONVERSION = YES;
				CLANG_WARN_INFINITE_RECURSION = YES;
				CLANG_WARN_INT_CONVERSION = YES;
				CLANG_WARN_NON_LITERAL_NULL_CONVERSION = YES;
				CLANG_WARN_OBJC_IMPLICIT_RETAIN_SELF = YES;
				CLANG_WARN_OBJC_LITERAL_CONVERSION = YES;
				CLANG_WARN_OBJC_ROOT_CLASS = YES_ERROR;
				CLANG_WARN_QUOTED_INCLUDE_IN_FRAMEWORK_HEADER = YES;
				CLANG_WARN_RANGE_LOOP_ANALYSIS = YES;
				CLANG_WARN_STRICT_PROTOTYPES = YES;
				CLANG_WARN_SUSPICIOUS_MOVE = YES;
				CLANG_WARN_UNGUARDED_AVAILABILITY = YES_AGGRESSIVE;
				CLANG_WARN_UNREACHABLE_CODE = YES;
				CLANG_WARN__DUPLICATE_METHOD_MATCH = YES;
				COPY_PHASE_STRIP = NO;
				DEBUG_INFORMATION_FORMAT = dwarf;
				ENABLE_STRICT_OBJC_MSGSEND = YES;
				ENABLE_TESTABILITY = YES;
				GCC_C_LANGUAGE_STANDARD = gnu11;
				GCC_DYNAMIC_NO_PIC = NO;
				GCC_NO_COMMON_BLOCKS = YES;
				GCC_OPTIMIZATION_LEVEL = 0;
				GCC_PREPROCESSOR_DEFINITIONS = (
					"DEBUG=1",
					"$(inherited)",
				);
				GCC_WARN_64_TO_32_BIT_CONVERSION = YES;
				GCC_WARN_ABOUT_RETURN_TYPE = YES_ERROR;
				GCC_WARN_UNDECLARED_SELECTOR = YES;
				GCC_WARN_UNINITIALIZED_AUTOS = YES_AGGRESSIVE;
				GCC_WARN_UNUSED_FUNCTION = YES;
				GCC_WARN_UNUSED_VARIABLE = YES;
				IPHONEOS_DEPLOYMENT_TARGET = 16.4;
				MTL_ENABLE_DEBUG_INFO = INCLUDE_SOURCE;
				MTL_FAST_MATH = YES;
				ONLY_ACTIVE_ARCH = YES;
				SDKROOT = iphoneos;
				SWIFT_ACTIVE_COMPILATION_CONDITIONS = DEBUG;
				SWIFT_OPTIMIZATION_LEVEL = "-Onone";
			};
			name = Debug;
		};
		BCA7AC8D29FD7E62009BA121 /* Release */ = {
			isa = XCBuildConfiguration;
			buildSettings = {
				ALWAYS_SEARCH_USER_PATHS = NO;
				CLANG_ANALYZER_NONNULL = YES;
				CLANG_ANALYZER_NUMBER_OBJECT_CONVERSION = YES_AGGRESSIVE;
				CLANG_CXX_LANGUAGE_STANDARD = "gnu++20";
				CLANG_ENABLE_MODULES = YES;
				CLANG_ENABLE_OBJC_ARC = YES;
				CLANG_ENABLE_OBJC_WEAK = YES;
				CLANG_WARN_BLOCK_CAPTURE_AUTORELEASING = YES;
				CLANG_WARN_BOOL_CONVERSION = YES;
				CLANG_WARN_COMMA = YES;
				CLANG_WARN_CONSTANT_CONVERSION = YES;
				CLANG_WARN_DEPRECATED_OBJC_IMPLEMENTATIONS = YES;
				CLANG_WARN_DIRECT_OBJC_ISA_USAGE = YES_ERROR;
				CLANG_WARN_DOCUMENTATION_COMMENTS = YES;
				CLANG_WARN_EMPTY_BODY = YES;
				CLANG_WARN_ENUM_CONVERSION = YES;
				CLANG_WARN_INFINITE_RECURSION = YES;
				CLANG_WARN_INT_CONVERSION = YES;
				CLANG_WARN_NON_LITERAL_NULL_CONVERSION = YES;
				CLANG_WARN_OBJC_IMPLICIT_RETAIN_SELF = YES;
				CLANG_WARN_OBJC_LITERAL_CONVERSION = YES;
				CLANG_WARN_OBJC_ROOT_CLASS = YES_ERROR;
				CLANG_WARN_QUOTED_INCLUDE_IN_FRAMEWORK_HEADER = YES;
				CLANG_WARN_RANGE_LOOP_ANALYSIS = YES;
				CLANG_WARN_STRICT_PROTOTYPES = YES;
				CLANG_WARN_SUSPICIOUS_MOVE = YES;
				CLANG_WARN_UNGUARDED_AVAILABILITY = YES_AGGRESSIVE;
				CLANG_WARN_UNREACHABLE_CODE = YES;
				CLANG_WARN__DUPLICATE_METHOD_MATCH = YES;
				COPY_PHASE_STRIP = NO;
				DEBUG_INFORMATION_FORMAT = "dwarf-with-dsym";
				ENABLE_NS_ASSERTIONS = NO;
				ENABLE_STRICT_OBJC_MSGSEND = YES;
				GCC_C_LANGUAGE_STANDARD = gnu11;
				GCC_NO_COMMON_BLOCKS = YES;
				GCC_WARN_64_TO_32_BIT_CONVERSION = YES;
				GCC_WARN_ABOUT_RETURN_TYPE = YES_ERROR;
				GCC_WARN_UNDECLARED_SELECTOR = YES;
				GCC_WARN_UNINITIALIZED_AUTOS = YES_AGGRESSIVE;
				GCC_WARN_UNUSED_FUNCTION = YES;
				GCC_WARN_UNUSED_VARIABLE = YES;
				IPHONEOS_DEPLOYMENT_TARGET = 16.4;
				MTL_ENABLE_DEBUG_INFO = NO;
				MTL_FAST_MATH = YES;
				SDKROOT = iphoneos;
				SWIFT_COMPILATION_MODE = wholemodule;
				SWIFT_OPTIMIZATION_LEVEL = "-O";
				VALIDATE_PRODUCT = YES;
			};
			name = Release;
		};
		BCA7AC8F29FD7E62009BA121 /* Debug */ = {
			isa = XCBuildConfiguration;
			buildSettings = {
				ASSETCATALOG_COMPILER_APPICON_NAME = AppIcon;
				ASSETCATALOG_COMPILER_GLOBAL_ACCENT_COLOR_NAME = AccentColor;
				CODE_SIGN_ENTITLEMENTS = "Lets-Connect/Lets-Connect.entitlements";
				CODE_SIGN_STYLE = Automatic;
				CURRENT_PROJECT_VERSION = 15;
				DEVELOPMENT_ASSET_PATHS = "\"Lets-Connect/Preview Content\"";
				DEVELOPMENT_TEAM = JVJZXPS8LZ;
				ENABLE_PREVIEWS = YES;
				GENERATE_INFOPLIST_FILE = YES;
				INFOPLIST_KEY_CFBundleDisplayName = LetsConnect;
				INFOPLIST_KEY_LSApplicationCategoryType = "public.app-category.social-networking";
				INFOPLIST_KEY_NSCameraUsageDescription = "Camera access needed for QR Scan";
				INFOPLIST_KEY_UIApplicationSceneManifest_Generation = YES;
				INFOPLIST_KEY_UIApplicationSupportsIndirectInputEvents = YES;
				INFOPLIST_KEY_UILaunchScreen_Generation = YES;
				INFOPLIST_KEY_UISupportedInterfaceOrientations = UIInterfaceOrientationPortrait;
				INFOPLIST_KEY_UISupportedInterfaceOrientations_iPad = "UIInterfaceOrientationLandscapeLeft UIInterfaceOrientationLandscapeRight UIInterfaceOrientationPortrait UIInterfaceOrientationPortraitUpsideDown";
				IPHONEOS_DEPLOYMENT_TARGET = 16.1;
				LD_RUNPATH_SEARCH_PATHS = (
					"$(inherited)",
					"@executable_path/Frameworks",
				);
				MARKETING_VERSION = 1.1;
				PRODUCT_BUNDLE_IDENTIFIER = com.letsConnect.social.app;
				PRODUCT_NAME = "$(TARGET_NAME)";
				SWIFT_EMIT_LOC_STRINGS = YES;
				SWIFT_VERSION = 5.0;
				TARGETED_DEVICE_FAMILY = "1,2";
			};
			name = Debug;
		};
		BCA7AC9029FD7E62009BA121 /* Release */ = {
			isa = XCBuildConfiguration;
			buildSettings = {
				ASSETCATALOG_COMPILER_APPICON_NAME = AppIcon;
				ASSETCATALOG_COMPILER_GLOBAL_ACCENT_COLOR_NAME = AccentColor;
				CODE_SIGN_ENTITLEMENTS = "Lets-Connect/Lets-Connect.entitlements";
				CODE_SIGN_IDENTITY = "Apple Development";
				CODE_SIGN_STYLE = Automatic;
				CURRENT_PROJECT_VERSION = 15;
				DEVELOPMENT_ASSET_PATHS = "\"Lets-Connect/Preview Content\"";
				DEVELOPMENT_TEAM = JVJZXPS8LZ;
				ENABLE_PREVIEWS = YES;
				GENERATE_INFOPLIST_FILE = YES;
				INFOPLIST_KEY_CFBundleDisplayName = LetsConnect;
				INFOPLIST_KEY_LSApplicationCategoryType = "public.app-category.social-networking";
				INFOPLIST_KEY_NSCameraUsageDescription = "Camera access needed for QR Scan";
				INFOPLIST_KEY_UIApplicationSceneManifest_Generation = YES;
				INFOPLIST_KEY_UIApplicationSupportsIndirectInputEvents = YES;
				INFOPLIST_KEY_UILaunchScreen_Generation = YES;
				INFOPLIST_KEY_UISupportedInterfaceOrientations = UIInterfaceOrientationPortrait;
				INFOPLIST_KEY_UISupportedInterfaceOrientations_iPad = "UIInterfaceOrientationLandscapeLeft UIInterfaceOrientationLandscapeRight UIInterfaceOrientationPortrait UIInterfaceOrientationPortraitUpsideDown";
				IPHONEOS_DEPLOYMENT_TARGET = 16.1;
				LD_RUNPATH_SEARCH_PATHS = (
					"$(inherited)",
					"@executable_path/Frameworks",
				);
				MARKETING_VERSION = 1.1;
				PRODUCT_BUNDLE_IDENTIFIER = com.letsConnect.social.app;
				PRODUCT_NAME = "$(TARGET_NAME)";
				PROVISIONING_PROFILE_SPECIFIER = "";
				SWIFT_EMIT_LOC_STRINGS = YES;
				SWIFT_VERSION = 5.0;
				TARGETED_DEVICE_FAMILY = "1,2";
			};
			name = Release;
		};
/* End XCBuildConfiguration section */

/* Begin XCConfigurationList section */
		BCA7AC7629FD7E60009BA121 /* Build configuration list for PBXProject "Lets-Connect" */ = {
			isa = XCConfigurationList;
			buildConfigurations = (
				BCA7AC8C29FD7E62009BA121 /* Debug */,
				BCA7AC8D29FD7E62009BA121 /* Release */,
			);
			defaultConfigurationIsVisible = 0;
			defaultConfigurationName = Release;
		};
		BCA7AC8E29FD7E62009BA121 /* Build configuration list for PBXNativeTarget "Lets-Connect" */ = {
			isa = XCConfigurationList;
			buildConfigurations = (
				BCA7AC8F29FD7E62009BA121 /* Debug */,
				BCA7AC9029FD7E62009BA121 /* Release */,
			);
			defaultConfigurationIsVisible = 0;
			defaultConfigurationName = Release;
		};
/* End XCConfigurationList section */

/* Begin XCRemoteSwiftPackageReference section */
		BC060BA92A2B55D40062E32C /* XCRemoteSwiftPackageReference "lottie-ios" */ = {
			isa = XCRemoteSwiftPackageReference;
			repositoryURL = "https://github.com/airbnb/lottie-ios.git";
			requirement = {
				kind = upToNextMajorVersion;
				minimumVersion = 4.0.0;
			};
		};
		BCE467DD2A00532D00949425 /* XCRemoteSwiftPackageReference "QRScannerViewKit" */ = {
			isa = XCRemoteSwiftPackageReference;
			repositoryURL = "https://github.com/mrSolutionist/QRScannerViewKit";
			requirement = {
				branch = main;
				kind = branch;
			};
		};
/* End XCRemoteSwiftPackageReference section */

/* Begin XCSwiftPackageProductDependency section */
		BC060BAA2A2B55D40062E32C /* Lottie */ = {
			isa = XCSwiftPackageProductDependency;
			package = BC060BA92A2B55D40062E32C /* XCRemoteSwiftPackageReference "lottie-ios" */;
			productName = Lottie;
		};
		BCE645382A00EB120037AC88 /* QRScannerViewKit */ = {
			isa = XCSwiftPackageProductDependency;
			package = BCE467DD2A00532D00949425 /* XCRemoteSwiftPackageReference "QRScannerViewKit" */;
			productName = QRScannerViewKit;
		};
/* End XCSwiftPackageProductDependency section */

/* Begin XCVersionGroup section */
		BCA7AC8929FD7E62009BA121 /* Lets_Connect.xcdatamodeld */ = {
			isa = XCVersionGroup;
			children = (
				BCA7AC8A29FD7E62009BA121 /* Lets_Connect.xcdatamodel */,
			);
			currentVersion = BCA7AC8A29FD7E62009BA121 /* Lets_Connect.xcdatamodel */;
			path = Lets_Connect.xcdatamodeld;
			sourceTree = "<group>";
			versionGroupType = wrapper.xcdatamodel;
		};
/* End XCVersionGroup section */
	};
	rootObject = BCA7AC7329FD7E60009BA121 /* Project object */;
}
